
Microsoft Visual Studio Solution File, Format Version 12.00
# Visual Studio 15
VisualStudioVersion = 15.0.28010.2036
MinimumVisualStudioVersion = 10.0.40219.1
Project("{FAE04EC0-301F-11D3-BF4B-00C04F79EFBC}") = "OAWeb", "OAWeb\OAWeb.csproj", "{AF790C50-6B40-4F59-A417-F53BAD981453}"
EndProject
Global
	GlobalSection(SolutionConfigurationPlatforms) = preSolution
		Debug|Any CPU = Debug|Any CPU
		Release|Any CPU = Release|Any CPU
	EndGlobalSection
	GlobalSection(ProjectConfigurationPlatforms) = postSolution
		{AF790C50-6B40-4F59-A417-F53BAD981453}.Debug|Any CPU.ActiveCfg = Debug|Any CPU
		{AF790C50-6B40-4F59-A417-F53BAD981453}.Debug|Any CPU.Build.0 = Debug|Any CPU
		{AF790C50-6B40-4F59-A417-F53BAD981453}.Release|Any CPU.ActiveCfg = Release|Any CPU
		{AF790C50-6B40-4F59-A417-F53BAD981453}.Release|Any CPU.Build.0 = Release|Any CPU
	EndGlobalSection
	GlobalSection(SolutionProperties) = preSolution
		HideSolutionNode = FALSE
	EndGlobalSection
	GlobalSection(ExtensibilityGlobals) = postSolution
		SolutionGuid = {40F8B518-F397-445E-AD90-5FA38106BF68}
	EndGlobalSection
EndGlobal
